// !$*UTF8*$!
{
	archiveVersion = 1;
	classes = {
	};
	objectVersion = 50;
	objects = {

/* Begin PBXBuildFile section */
		0DFECA65216C8EFF0005C9C3 /* AppDelegate.swift in Sources */ = {isa = PBXBuildFile; fileRef = 0DFECA64216C8EFF0005C9C3 /* AppDelegate.swift */; };
		0DFECA67216C8EFF0005C9C3 /* ViewController.swift in Sources */ = {isa = PBXBuildFile; fileRef = 0DFECA66216C8EFF0005C9C3 /* ViewController.swift */; };
		0DFECA6A216C8EFF0005C9C3 /* Main.storyboard in Resources */ = {isa = PBXBuildFile; fileRef = 0DFECA68216C8EFF0005C9C3 /* Main.storyboard */; };
		0DFECA6D216C8EFF0005C9C3 /* HTShopping.xcdatamodeld in Sources */ = {isa = PBXBuildFile; fileRef = 0DFECA6B216C8EFF0005C9C3 /* HTShopping.xcdatamodeld */; };
		0DFECA6F216C8F0B0005C9C3 /* Assets.xcassets in Resources */ = {isa = PBXBuildFile; fileRef = 0DFECA6E216C8F0B0005C9C3 /* Assets.xcassets */; };
		0DFECA72216C8F0B0005C9C3 /* LaunchScreen.storyboard in Resources */ = {isa = PBXBuildFile; fileRef = 0DFECA70216C8F0B0005C9C3 /* LaunchScreen.storyboard */; };
		0DFECA7D216C8F0B0005C9C3 /* HTShoppingTests.swift in Sources */ = {isa = PBXBuildFile; fileRef = 0DFECA7C216C8F0B0005C9C3 /* HTShoppingTests.swift */; };
		0DFECA88216C8F0B0005C9C3 /* HTShoppingUITests.swift in Sources */ = {isa = PBXBuildFile; fileRef = 0DFECA87216C8F0B0005C9C3 /* HTShoppingUITests.swift */; };
/* End PBXBuildFile section */

/* Begin PBXContainerItemProxy section */
		0DFECA79216C8F0B0005C9C3 /* PBXContainerItemProxy */ = {
			isa = PBXContainerItemProxy;
			containerPortal = 0DFECA59216C8EFF0005C9C3 /* Project object */;
			proxyType = 1;
			remoteGlobalIDString = 0DFECA60216C8EFF0005C9C3;
			remoteInfo = HTShopping;
		};
		0DFECA84216C8F0B0005C9C3 /* PBXContainerItemProxy */ = {
			isa = PBXContainerItemProxy;
			containerPortal = 0DFECA59216C8EFF0005C9C3 /* Project object */;
			proxyType = 1;
			remoteGlobalIDString = 0DFECA60216C8EFF0005C9C3;
			remoteInfo = HTShopping;
		};
/* End PBXContainerItemProxy section */

/* Begin PBXFileReference section */
		0DFECA61216C8EFF0005C9C3 /* HTShopping.app */ = {isa = PBXFileReference; explicitFileType = wrapper.application; includeInIndex = 0; path = HTShopping.app; sourceTree = BUILT_PRODUCTS_DIR; };
		0DFECA64216C8EFF0005C9C3 /* AppDelegate.swift */ = {isa = PBXFileReference; lastKnownFileType = sourcecode.swift; path = AppDelegate.swift; sourceTree = "<group>"; };
		0DFECA66216C8EFF0005C9C3 /* ViewController.swift */ = {isa = PBXFileReference; lastKnownFileType = sourcecode.swift; path = ViewController.swift; sourceTree = "<group>"; };
		0DFECA69216C8EFF0005C9C3 /* Base */ = {isa = PBXFileReference; lastKnownFileType = file.storyboard; name = Base; path = Base.lproj/Main.storyboard; sourceTree = "<group>"; };
		0DFECA6C216C8EFF0005C9C3 /* HTShopping.xcdatamodel */ = {isa = PBXFileReference; lastKnownFileType = wrapper.xcdatamodel; path = HTShopping.xcdatamodel; sourceTree = "<group>"; };
		0DFECA6E216C8F0B0005C9C3 /* Assets.xcassets */ = {isa = PBXFileReference; lastKnownFileType = folder.assetcatalog; path = Assets.xcassets; sourceTree = "<group>"; };
		0DFECA71216C8F0B0005C9C3 /* Base */ = {isa = PBXFileReference; lastKnownFileType = file.storyboard; name = Base; path = Base.lproj/LaunchScreen.storyboard; sourceTree = "<group>"; };
		0DFECA73216C8F0B0005C9C3 /* Info.plist */ = {isa = PBXFileReference; lastKnownFileType = text.plist.xml; path = Info.plist; sourceTree = "<group>"; };
		0DFECA78216C8F0B0005C9C3 /* HTShoppingTests.xctest */ = {isa = PBXFileReference; explicitFileType = wrapper.cfbundle; includeInIndex = 0; path = HTShoppingTests.xctest; sourceTree = BUILT_PRODUCTS_DIR; };
		0DFECA7C216C8F0B0005C9C3 /* HTShoppingTests.swift */ = {isa = PBXFileReference; lastKnownFileType = sourcecode.swift; path = HTShoppingTests.swift; sourceTree = "<group>"; };
		0DFECA7E216C8F0B0005C9C3 /* Info.plist */ = {isa = PBXFileReference; lastKnownFileType = text.plist.xml; path = Info.plist; sourceTree = "<group>"; };
		0DFECA83216C8F0B0005C9C3 /* HTShoppingUITests.xctest */ = {isa = PBXFileReference; explicitFileType = wrapper.cfbundle; includeInIndex = 0; path = HTShoppingUITests.xctest; sourceTree = BUILT_PRODUCTS_DIR; };
		0DFECA87216C8F0B0005C9C3 /* HTShoppingUITests.swift */ = {isa = PBXFileReference; lastKnownFileType = sourcecode.swift; path = HTShoppingUITests.swift; sourceTree = "<group>"; };
		0DFECA89216C8F0B0005C9C3 /* Info.plist */ = {isa = PBXFileReference; lastKnownFileType = text.plist.xml; path = Info.plist; sourceTree = "<group>"; };
/* End PBXFileReference section */

/* Begin PBXFrameworksBuildPhase section */
		0DFECA5E216C8EFF0005C9C3 /* Frameworks */ = {
			isa = PBXFrameworksBuildPhase;
			buildActionMask = 2147483647;
			files = (
			);
			runOnlyForDeploymentPostprocessing = 0;
		};
		0DFECA75216C8F0B0005C9C3 /* Frameworks */ = {
			isa = PBXFrameworksBuildPhase;
			buildActionMask = 2147483647;
			files = (
			);
			runOnlyForDeploymentPostprocessing = 0;
		};
		0DFECA80216C8F0B0005C9C3 /* Frameworks */ = {
			isa = PBXFrameworksBuildPhase;
			buildActionMask = 2147483647;
			files = (
			);
			runOnlyForDeploymentPostprocessing = 0;
		};
/* End PBXFrameworksBuildPhase section */

/* Begin PBXGroup section */
		0DFECA58216C8EFF0005C9C3 = {
			isa = PBXGroup;
			children = (
				0DFECA63216C8EFF0005C9C3 /* HTShopping */,
				0DFECA7B216C8F0B0005C9C3 /* HTShoppingTests */,
				0DFECA86216C8F0B0005C9C3 /* HTShoppingUITests */,
				0DFECA62216C8EFF0005C9C3 /* Products */,
			);
			sourceTree = "<group>";
		};
		0DFECA62216C8EFF0005C9C3 /* Products */ = {
			isa = PBXGroup;
			children = (
				0DFECA61216C8EFF0005C9C3 /* HTShopping.app */,
				0DFECA78216C8F0B0005C9C3 /* HTShoppingTests.xctest */,
				0DFECA83216C8F0B0005C9C3 /* HTShoppingUITests.xctest */,
			);
			name = Products;
			sourceTree = "<group>";
		};
		0DFECA63216C8EFF0005C9C3 /* HTShopping */ = {
			isa = PBXGroup;
			children = (
				0DFECA64216C8EFF0005C9C3 /* AppDelegate.swift */,
				0DFECA66216C8EFF0005C9C3 /* ViewController.swift */,
				0DFECA68216C8EFF0005C9C3 /* Main.storyboard */,
				0DFECA6E216C8F0B0005C9C3 /* Assets.xcassets */,
				0DFECA70216C8F0B0005C9C3 /* LaunchScreen.storyboard */,
				0DFECA73216C8F0B0005C9C3 /* Info.plist */,
				0DFECA6B216C8EFF0005C9C3 /* HTShopping.xcdatamodeld */,
			);
			path = HTShopping;
			sourceTree = "<group>";
		};
		0DFECA7B216C8F0B0005C9C3 /* HTShoppingTests */ = {
			isa = PBXGroup;
			children = (
				0DFECA7C216C8F0B0005C9C3 /* HTShoppingTests.swift */,
				0DFECA7E216C8F0B0005C9C3 /* Info.plist */,
			);
			path = HTShoppingTests;
			sourceTree = "<group>";
		};
		0DFECA86216C8F0B0005C9C3 /* HTShoppingUITests */ = {
			isa = PBXGroup;
			children = (
				0DFECA87216C8F0B0005C9C3 /* HTShoppingUITests.swift */,
				0DFECA89216C8F0B0005C9C3 /* Info.plist */,
			);
			path = HTShoppingUITests;
			sourceTree = "<group>";
		};
/* End PBXGroup section */

/* Begin PBXNativeTarget section */
		0DFECA60216C8EFF0005C9C3 /* HTShopping */ = {
			isa = PBXNativeTarget;
			buildConfigurationList = 0DFECA8C216C8F0B0005C9C3 /* Build configuration list for PBXNativeTarget "HTShopping" */;
			buildPhases = (
				0DFECA5D216C8EFF0005C9C3 /* Sources */,
				0DFECA5E216C8EFF0005C9C3 /* Frameworks */,
				0DFECA5F216C8EFF0005C9C3 /* Resources */,
			);
			buildRules = (
			);
			dependencies = (
			);
			name = HTShopping;
			productName = HTShopping;
			productReference = 0DFECA61216C8EFF0005C9C3 /* HTShopping.app */;
			productType = "com.apple.product-type.application";
		};
		0DFECA77216C8F0B0005C9C3 /* HTShoppingTests */ = {
			isa = PBXNativeTarget;
			buildConfigurationList = 0DFECA8F216C8F0B0005C9C3 /* Build configuration list for PBXNativeTarget "HTShoppingTests" */;
			buildPhases = (
				0DFECA74216C8F0B0005C9C3 /* Sources */,
				0DFECA75216C8F0B0005C9C3 /* Frameworks */,
				0DFECA76216C8F0B0005C9C3 /* Resources */,
			);
			buildRules = (
			);
			dependencies = (
				0DFECA7A216C8F0B0005C9C3 /* PBXTargetDependency */,
			);
			name = HTShoppingTests;
			productName = HTShoppingTests;
			productReference = 0DFECA78216C8F0B0005C9C3 /* HTShoppingTests.xctest */;
			productType = "com.apple.product-type.bundle.unit-test";
		};
		0DFECA82216C8F0B0005C9C3 /* HTShoppingUITests */ = {
			isa = PBXNativeTarget;
			buildConfigurationList = 0DFECA92216C8F0B0005C9C3 /* Build configuration list for PBXNativeTarget "HTShoppingUITests" */;
			buildPhases = (
				0DFECA7F216C8F0B0005C9C3 /* Sources */,
				0DFECA80216C8F0B0005C9C3 /* Frameworks */,
				0DFECA81216C8F0B0005C9C3 /* Resources */,
			);
			buildRules = (
			);
			dependencies = (
				0DFECA85216C8F0B0005C9C3 /* PBXTargetDependency */,
			);
			name = HTShoppingUITests;
			productName = HTShoppingUITests;
			productReference = 0DFECA83216C8F0B0005C9C3 /* HTShoppingUITests.xctest */;
			productType = "com.apple.product-type.bundle.ui-testing";
		};
/* End PBXNativeTarget section */

/* Begin PBXProject section */
		0DFECA59216C8EFF0005C9C3 /* Project object */ = {
			isa = PBXProject;
			attributes = {
				LastSwiftUpdateCheck = 1000;
				LastUpgradeCheck = 1000;
				ORGANIZATIONNAME = "韩意谦";
				TargetAttributes = {
					0DFECA60216C8EFF0005C9C3 = {
						CreatedOnToolsVersion = 10.0;
					};
					0DFECA77216C8F0B0005C9C3 = {
						CreatedOnToolsVersion = 10.0;
						TestTargetID = 0DFECA60216C8EFF0005C9C3;
					};
					0DFECA82216C8F0B0005C9C3 = {
						CreatedOnToolsVersion = 10.0;
						TestTargetID = 0DFECA60216C8EFF0005C9C3;
					};
				};
			};
			buildConfigurationList = 0DFECA5C216C8EFF0005C9C3 /* Build configuration list for PBXProject "HTShopping" */;
			compatibilityVersion = "Xcode 9.3";
			developmentRegion = en;
			hasScannedForEncodings = 0;
			knownRegions = (
				en,
				Base,
			);
			mainGroup = 0DFECA58216C8EFF0005C9C3;
			productRefGroup = 0DFECA62216C8EFF0005C9C3 /* Products */;
			projectDirPath = "";
			projectRoot = "";
			targets = (
				0DFECA60216C8EFF0005C9C3 /* HTShopping */,
				0DFECA77216C8F0B0005C9C3 /* HTShoppingTests */,
				0DFECA82216C8F0B0005C9C3 /* HTShoppingUITests */,
			);
		};
/* End PBXProject section */

/* Begin PBXResourcesBuildPhase section */
		0DFECA5F216C8EFF0005C9C3 /* Resources */ = {
			isa = PBXResourcesBuildPhase;
			buildActionMask = 2147483647;
			files = (
				0DFECA72216C8F0B0005C9C3 /* LaunchScreen.storyboard in Resources */,
				0DFECA6F216C8F0B0005C9C3 /* Assets.xcassets in Resources */,
				0DFECA6A216C8EFF0005C9C3 /* Main.storyboard in Resources */,
			);
			runOnlyForDeploymentPostprocessing = 0;
		};
		0DFECA76216C8F0B0005C9C3 /* Resources */ = {
			isa = PBXResourcesBuildPhase;
			buildActionMask = 2147483647;
			files = (
			);
			runOnlyForDeploymentPostprocessing = 0;
		};
		0DFECA81216C8F0B0005C9C3 /* Resources */ = {
			isa = PBXResourcesBuildPhase;
			buildActionMask = 2147483647;
			files = (
			);
			runOnlyForDeploymentPostprocessing = 0;
		};
/* End PBXResourcesBuildPhase section */

/* Begin PBXSourcesBuildPhase section */
		0DFECA5D216C8EFF0005C9C3 /* Sources */ = {
			isa = PBXSourcesBuildPhase;
			buildActionMask = 2147483647;
			files = (
				0DFECA67216C8EFF0005C9C3 /* ViewController.swift in Sources */,
				0DFECA65216C8EFF0005C9C3 /* AppDelegate.swift in Sources */,
				0DFECA6D216C8EFF0005C9C3 /* HTShopping.xcdatamodeld in Sources */,
			);
			runOnlyForDeploymentPostprocessing = 0;
		};
		0DFECA74216C8F0B0005C9C3 /* Sources */ = {
			isa = PBXSourcesBuildPhase;
			buildActionMask = 2147483647;
			files = (
				0DFECA7D216C8F0B0005C9C3 /* HTShoppingTests.swift in Sources */,
			);
			runOnlyForDeploymentPostprocessing = 0;
		};
		0DFECA7F216C8F0B0005C9C3 /* Sources */ = {
			isa = PBXSourcesBuildPhase;
			buildActionMask = 2147483647;
			files = (
				0DFECA88216C8F0B0005C9C3 /* HTShoppingUITests.swift in Sources */,
			);
			runOnlyForDeploymentPostprocessing = 0;
		};
/* End PBXSourcesBuildPhase section */

/* Begin PBXTargetDependency section */
		0DFECA7A216C8F0B0005C9C3 /* PBXTargetDependency */ = {
			isa = PBXTargetDependency;
			target = 0DFECA60216C8EFF0005C9C3 /* HTShopping */;
			targetProxy = 0DFECA79216C8F0B0005C9C3 /* PBXContainerItemProxy */;
		};
		0DFECA85216C8F0B0005C9C3 /* PBXTargetDependency */ = {
			isa = PBXTargetDependency;
			target = 0DFECA60216C8EFF0005C9C3 /* HTShopping */;
			targetProxy = 0DFECA84216C8F0B0005C9C3 /* PBXContainerItemProxy */;
		};
/* End PBXTargetDependency section */

/* Begin PBXVariantGroup section */
		0DFECA68216C8EFF0005C9C3 /* Main.storyboard */ = {
			isa = PBXVariantGroup;
			children = (
				0DFECA69216C8EFF0005C9C3 /* Base */,
			);
			name = Main.storyboard;
			sourceTree = "<group>";
		};
		0DFECA70216C8F0B0005C9C3 /* LaunchScreen.storyboard */ = {
			isa = PBXVariantGroup;
			children = (
				0DFECA71216C8F0B0005C9C3 /* Base */,
			);
			name = LaunchScreen.storyboard;
			sourceTree = "<group>";
		};
/* End PBXVariantGroup section */

/* Begin XCBuildConfiguration section */
		0DFECA8A216C8F0B0005C9C3 /* Debug */ = {
			isa = XCBuildConfiguration;
			buildSettings = {
				ALWAYS_SEARCH_USER_PATHS = NO;
				CLANG_ANALYZER_NONNULL = YES;
				CLANG_ANALYZER_NUMBER_OBJECT_CONVERSION = YES_AGGRESSIVE;
				CLANG_CXX_LANGUAGE_STANDARD = "gnu++14";
				CLANG_CXX_LIBRARY = "libc++";
				CLANG_ENABLE_MODULES = YES;
				CLANG_ENABLE_OBJC_ARC = YES;
				CLANG_ENABLE_OBJC_WEAK = YES;
				CLANG_WARN_BLOCK_CAPTURE_AUTORELEASING = YES;
				CLANG_WARN_BOOL_CONVERSION = YES;
				CLANG_WARN_COMMA = YES;
				CLANG_WARN_CONSTANT_CONVERSION = YES;
				CLANG_WARN_DEPRECATED_OBJC_IMPLEMENTATIONS = YES;
				CLANG_WARN_DIRECT_OBJC_ISA_USAGE = YES_ERROR;
				CLANG_WARN_DOCUMENTATION_COMMENTS = YES;
				CLANG_WARN_EMPTY_BODY = YES;
				CLANG_WARN_ENUM_CONVERSION = YES;
				CLANG_WARN_INFINITE_RECURSION = YES;
				CLANG_WARN_INT_CONVERSION = YES;
				CLANG_WARN_NON_LITERAL_NULL_CONVERSION = YES;
				CLANG_WARN_OBJC_IMPLICIT_RETAIN_SELF = YES;
				CLANG_WARN_OBJC_LITERAL_CONVERSION = YES;
				CLANG_WARN_OBJC_ROOT_CLASS = YES_ERROR;
				CLANG_WARN_RANGE_LOOP_ANALYSIS = YES;
				CLANG_WARN_STRICT_PROTOTYPES = YES;
				CLANG_WARN_SUSPICIOUS_MOVE = YES;
				CLANG_WARN_UNGUARDED_AVAILABILITY = YES_AGGRESSIVE;
				CLANG_WARN_UNREACHABLE_CODE = YES;
				CLANG_WARN__DUPLICATE_METHOD_MATCH = YES;
				CODE_SIGN_IDENTITY = "iPhone Developer";
				COPY_PHASE_STRIP = NO;
				DEBUG_INFORMATION_FORMAT = dwarf;
				ENABLE_STRICT_OBJC_MSGSEND = YES;
				ENABLE_TESTABILITY = YES;
				GCC_C_LANGUAGE_STANDARD = gnu11;
				GCC_DYNAMIC_NO_PIC = NO;
				GCC_NO_COMMON_BLOCKS = YES;
				GCC_OPTIMIZATION_LEVEL = 0;
				GCC_PREPROCESSOR_DEFINITIONS = (
					"DEBUG=1",
					"$(inherited)",
				);
				GCC_WARN_64_TO_32_BIT_CONVERSION = YES;
				GCC_WARN_ABOUT_RETURN_TYPE = YES_ERROR;
				GCC_WARN_UNDECLARED_SELECTOR = YES;
				GCC_WARN_UNINITIALIZED_AUTOS = YES_AGGRESSIVE;
				GCC_WARN_UNUSED_FUNCTION = YES;
				GCC_WARN_UNUSED_VARIABLE = YES;
				IPHONEOS_DEPLOYMENT_TARGET = 12.0;
				MTL_ENABLE_DEBUG_INFO = INCLUDE_SOURCE;
				MTL_FAST_MATH = YES;
				ONLY_ACTIVE_ARCH = YES;
				SDKROOT = iphoneos;
				SWIFT_ACTIVE_COMPILATION_CONDITIONS = DEBUG;
				SWIFT_OPTIMIZATION_LEVEL = "-Onone";
			};
			name = Debug;
		};
		0DFECA8B216C8F0B0005C9C3 /* Release */ = {
			isa = XCBuildConfiguration;
			buildSettings = {
				ALWAYS_SEARCH_USER_PATHS = NO;
				CLANG_ANALYZER_NONNULL = YES;
				CLANG_ANALYZER_NUMBER_OBJECT_CONVERSION = YES_AGGRESSIVE;
				CLANG_CXX_LANGUAGE_STANDARD = "gnu++14";
				CLANG_CXX_LIBRARY = "libc++";
				CLANG_ENABLE_MODULES = YES;
				CLANG_ENABLE_OBJC_ARC = YES;
				CLANG_ENABLE_OBJC_WEAK = YES;
				CLANG_WARN_BLOCK_CAPTURE_AUTORELEASING = YES;
				CLANG_WARN_BOOL_CONVERSION = YES;
				CLANG_WARN_COMMA = YES;
				CLANG_WARN_CONSTANT_CONVERSION = YES;
				CLANG_WARN_DEPRECATED_OBJC_IMPLEMENTATIONS = YES;
				CLANG_WARN_DIRECT_OBJC_ISA_USAGE = YES_ERROR;
				CLANG_WARN_DOCUMENTATION_COMMENTS = YES;
				CLANG_WARN_EMPTY_BODY = YES;
				CLANG_WARN_ENUM_CONVERSION = YES;
				CLANG_WARN_INFINITE_RECURSION = YES;
				CLANG_WARN_INT_CONVERSION = YES;
				CLANG_WARN_NON_LITERAL_NULL_CONVERSION = YES;
				CLANG_WARN_OBJC_IMPLICIT_RETAIN_SELF = YES;
				CLANG_WARN_OBJC_LITERAL_CONVERSION = YES;
				CLANG_WARN_OBJC_ROOT_CLASS = YES_ERROR;
				CLANG_WARN_RANGE_LOOP_ANALYSIS = YES;
				CLANG_WARN_STRICT_PROTOTYPES = YES;
				CLANG_WARN_SUSPICIOUS_MOVE = YES;
				CLANG_WARN_UNGUARDED_AVAILABILITY = YES_AGGRESSIVE;
				CLANG_WARN_UNREACHABLE_CODE = YES;
				CLANG_WARN__DUPLICATE_METHOD_MATCH = YES;
				CODE_SIGN_IDENTITY = "iPhone Developer";
				COPY_PHASE_STRIP = NO;
				DEBUG_INFORMATION_FORMAT = "dwarf-with-dsym";
				ENABLE_NS_ASSERTIONS = NO;
				ENABLE_STRICT_OBJC_MSGSEND = YES;
				GCC_C_LANGUAGE_STANDARD = gnu11;
				GCC_NO_COMMON_BLOCKS = YES;
				GCC_WARN_64_TO_32_BIT_CONVERSION = YES;
				GCC_WARN_ABOUT_RETURN_TYPE = YES_ERROR;
				GCC_WARN_UNDECLARED_SELECTOR = YES;
				GCC_WARN_UNINITIALIZED_AUTOS = YES_AGGRESSIVE;
				GCC_WARN_UNUSED_FUNCTION = YES;
				GCC_WARN_UNUSED_VARIABLE = YES;
				IPHONEOS_DEPLOYMENT_TARGET = 12.0;
				MTL_ENABLE_DEBUG_INFO = NO;
				MTL_FAST_MATH = YES;
				SDKROOT = iphoneos;
				SWIFT_COMPILATION_MODE = wholemodule;
				SWIFT_OPTIMIZATION_LEVEL = "-O";
				VALIDATE_PRODUCT = YES;
			};
			name = Release;
		};
		0DFECA8D216C8F0B0005C9C3 /* Debug */ = {
			isa = XCBuildConfiguration;
			buildSettings = {
				ASSETCATALOG_COMPILER_APPICON_NAME = AppIcon;
				CODE_SIGN_STYLE = Automatic;
				DEVELOPMENT_TEAM = LTUKLD89MB;
				INFOPLIST_FILE = HTShopping/Info.plist;
				LD_RUNPATH_SEARCH_PATHS = (
					"$(inherited)",
					"@executable_path/Frameworks",
				);
				PRODUCT_BUNDLE_IDENTIFIER = NightStudioH.HTShopping;
				PRODUCT_NAME = "$(TARGET_NAME)";
				SWIFT_VERSION = 4.2;
				TARGETED_DEVICE_FAMILY = "1,2";
			};
			name = Debug;
		};
		0DFECA8E216C8F0B0005C9C3 /* Release */ = {
			isa = XCBuildConfiguration;
			buildSettings = {
				ASSETCATALOG_COMPILER_APPICON_NAME = AppIcon;
				CODE_SIGN_STYLE = Automatic;
				DEVELOPMENT_TEAM = LTUKLD89MB;
				INFOPLIST_FILE = HTShopping/Info.plist;
				LD_RUNPATH_SEARCH_PATHS = (
					"$(inherited)",
					"@executable_path/Frameworks",
				);
				PRODUCT_BUNDLE_IDENTIFIER = NightStudioH.HTShopping;
				PRODUCT_NAME = "$(TARGET_NAME)";
				SWIFT_VERSION = 4.2;
				TARGETED_DEVICE_FAMILY = "1,2";
			};
			name = Release;
		};
		0DFECA90216C8F0B0005C9C3 /* Debug */ = {
			isa = XCBuildConfiguration;
			buildSettings = {
				ALWAYS_EMBED_SWIFT_STANDARD_LIBRARIES = YES;
				BUNDLE_LOADER = "$(TEST_HOST)";
				CODE_SIGN_STYLE = Automatic;
				DEVELOPMENT_TEAM = LTUKLD89MB;
				INFOPLIST_FILE = HTShoppingTests/Info.plist;
				LD_RUNPATH_SEARCH_PATHS = (
					"$(inherited)",
					"@executable_path/Frameworks",
					"@loader_path/Frameworks",
				);
				PRODUCT_BUNDLE_IDENTIFIER = NightStudioH.HTShoppingTests;
				PRODUCT_NAME = "$(TARGET_NAME)";
				SWIFT_VERSION = 4.2;
				TARGETED_DEVICE_FAMILY = "1,2";
				TEST_HOST = "$(BUILT_PRODUCTS_DIR)/HTShopping.app/HTShopping";
			};
			name = Debug;
		};
		0DFECA91216C8F0B0005C9C3 /* Release */ = {
			isa = XCBuildConfiguration;
			buildSettings = {
				ALWAYS_EMBED_SWIFT_STANDARD_LIBRARIES = YES;
				BUNDLE_LOADER = "$(TEST_HOST)";
				CODE_SIGN_STYLE = Automatic;
				DEVELOPMENT_TEAM = LTUKLD89MB;
				INFOPLIST_FILE = HTShoppingTests/Info.plist;
				LD_RUNPATH_SEARCH_PATHS = (
					"$(inherited)",
					"@executable_path/Frameworks",
					"@loader_path/Frameworks",
				);
				PRODUCT_BUNDLE_IDENTIFIER = NightStudioH.HTShoppingTests;
				PRODUCT_NAME = "$(TARGET_NAME)";
				SWIFT_VERSION = 4.2;
				TARGETED_DEVICE_FAMILY = "1,2";
				TEST_HOST = "$(BUILT_PRODUCTS_DIR)/HTShopping.app/HTShopping";
			};
			name = Release;
		};
		0DFECA93216C8F0B0005C9C3 /* Debug */ = {
			isa = XCBuildConfiguration;
			buildSettings = {
				ALWAYS_EMBED_SWIFT_STANDARD_LIBRARIES = YES;
				CODE_SIGN_STYLE = Automatic;
				DEVELOPMENT_TEAM = LTUKLD89MB;
				INFOPLIST_FILE = HTShoppingUITests/Info.plist;
				LD_RUNPATH_SEARCH_PATHS = (
					"$(inherited)",
					"@executable_path/Frameworks",
					"@loader_path/Frameworks",
				);
				PRODUCT_BUNDLE_IDENTIFIER = NightStudioH.HTShoppingUITests;
				PRODUCT_NAME = "$(TARGET_NAME)";
				SWIFT_VERSION = 4.2;
				TARGETED_DEVICE_FAMILY = "1,2";
				TEST_TARGET_NAME = HTShopping;
			};
			name = Debug;
		};
		0DFECA94216C8F0B0005C9C3 /* Release */ = {
			isa = XCBuildConfiguration;
			buildSettings = {
				ALWAYS_EMBED_SWIFT_STANDARD_LIBRARIES = YES;
				CODE_SIGN_STYLE = Automatic;
				DEVELOPMENT_TEAM = LTUKLD89MB;
				INFOPLIST_FILE = HTShoppingUITests/Info.plist;
				LD_RUNPATH_SEARCH_PATHS = (
					"$(inherited)",
					"@executable_path/Frameworks",
					"@loader_path/Frameworks",
				);
				PRODUCT_BUNDLE_IDENTIFIER = NightStudioH.HTShoppingUITests;
				PRODUCT_NAME = "$(TARGET_NAME)";
				SWIFT_VERSION = 4.2;
				TARGETED_DEVICE_FAMILY = "1,2";
				TEST_TARGET_NAME = HTShopping;
			};
			name = Release;
		};
/* End XCBuildConfiguration section */

/* Begin XCConfigurationList section */
		0DFECA5C216C8EFF0005C9C3 /* Build configuration list for PBXProject "HTShopping" */ = {
			isa = XCConfigurationList;
			buildConfigurations = (
				0DFECA8A216C8F0B0005C9C3 /* Debug */,
				0DFECA8B216C8F0B0005C9C3 /* Release */,
			);
			defaultConfigurationIsVisible = 0;
			defaultConfigurationName = Release;
		};
		0DFECA8C216C8F0B0005C9C3 /* Build configuration list for PBXNativeTarget "HTShopping" */ = {
			isa = XCConfigurationList;
			buildConfigurations = (
				0DFECA8D216C8F0B0005C9C3 /* Debug */,
				0DFECA8E216C8F0B0005C9C3 /* Release */,
			);
			defaultConfigurationIsVisible = 0;
			defaultConfigurationName = Release;
		};
		0DFECA8F216C8F0B0005C9C3 /* Build configuration list for PBXNativeTarget "HTShoppingTests" */ = {
			isa = XCConfigurationList;
			buildConfigurations = (
				0DFECA90216C8F0B0005C9C3 /* Debug */,
				0DFECA91216C8F0B0005C9C3 /* Release */,
			);
			defaultConfigurationIsVisible = 0;
			defaultConfigurationName = Release;
		};
		0DFECA92216C8F0B0005C9C3 /* Build configuration list for PBXNativeTarget "HTShoppingUITests" */ = {
			isa = XCConfigurationList;
			buildConfigurations = (
				0DFECA93216C8F0B0005C9C3 /* Debug */,
				0DFECA94216C8F0B0005C9C3 /* Release */,
			);
			defaultConfigurationIsVisible = 0;
			defaultConfigurationName = Release;
		};
/* End XCConfigurationList section */

/* Begin XCVersionGroup section */
		0DFECA6B216C8EFF0005C9C3 /* HTShopping.xcdatamodeld */ = {
			isa = XCVersionGroup;
			children = (
				0DFECA6C216C8EFF0005C9C3 /* HTShopping.xcdatamodel */,
			);
			currentVersion = 0DFECA6C216C8EFF0005C9C3 /* HTShopping.xcdatamodel */;
			path = HTShopping.xcdatamodeld;
			sourceTree = "<group>";
			versionGroupType = wrapper.xcdatamodel;
		};
/* End XCVersionGroup section */
	};
	rootObject = 0DFECA59216C8EFF0005C9C3 /* Project object */;
}
